
Microsoft Visual Studio Solution File, Format Version 12.00
# Visual Studio Version 16
VisualStudioVersion = 16.0.30320.27
MinimumVisualStudioVersion = 10.0.40219.1
Project("{FAE04EC0-301F-11D3-BF4B-00C04F79EFBC}") = "ObjectBuilder", "ObjectBuilder.csproj", "{33A873DC-F6B9-4052-B977-53ED931EDA8B}"
EndProject
Global
	GlobalSection(SolutionConfigurationPlatforms) = preSolution
		Debug|Any CPU = Debug|Any CPU
		Release|Any CPU = Release|Any CPU
	EndGlobalSection
	GlobalSection(ProjectConfigurationPlatforms) = postSolution
		{33A873DC-F6B9-4052-B977-53ED931EDA8B}.Debug|Any CPU.ActiveCfg = Debug|Any CPU
		{33A873DC-F6B9-4052-B977-53ED931EDA8B}.Debug|Any CPU.Build.0 = Debug|Any CPU
		{33A873DC-F6B9-4052-B977-53ED931EDA8B}.Release|Any CPU.ActiveCfg = Release|Any CPU
		{33A873DC-F6B9-4052-B977-53ED931EDA8B}.Release|Any CPU.Build.0 = Release|Any CPU
	EndGlobalSection
	GlobalSection(SolutionProperties) = preSolution
		HideSolutionNode = FALSE
	EndGlobalSection
	GlobalSection(ExtensibilityGlobals) = postSolution
		SolutionGuid = {DF3FA590-F322-447E-97A1-8A0EAA848425}
	EndGlobalSection
EndGlobal
